
Microsoft Visual Studio Solution File, Format Version 12.00
# Visual Studio Version 17
VisualStudioVersion = 17.0.31903.59
MinimumVisualStudioVersion = 10.0.40219.1
Project("{2150E333-8FDC-42A3-9474-1A3956D46DE8}") = "backend", "backend", "{1AE8ACA6-933B-BF2A-3671-3E2EAC007D16}"
EndProject
Project("{FAE04EC0-301F-11D3-BF4B-00C04F79EFBC}") = "Hrm.Domain.Shared", "backend\Hrm.Domain.Shared\Hrm.Domain.Shared.csproj", "{8B7C05E5-311D-4454-9B24-12E58B1D0DE2}"
EndProject
Project("{FAE04EC0-301F-11D3-BF4B-00C04F79EFBC}") = "Hrm.Domain", "backend\Hrm.Domain\Hrm.Domain.csproj", "{2159B7DE-0B97-4E0C-A3C9-E32791C82387}"
EndProject
Project("{FAE04EC0-301F-11D3-BF4B-00C04F79EFBC}") = "Hrm.Application", "backend\Hrm.Application\Hrm.Application.csproj", "{A6F04B58-D684-42E3-A8CF-1B9F12107F5F}"
EndProject
Project("{FAE04EC0-301F-11D3-BF4B-00C04F79EFBC}") = "Hrm.Infrastructure", "backend\Hrm.Infrastructure\Hrm.Infrastructure.csproj", "{76A5C3C4-0591-4559-BA7E-E4D761F1B48E}"
EndProject
Project("{FAE04EC0-301F-11D3-BF4B-00C04F79EFBC}") = "Hrm.Host", "backend\Hrm.Host\Hrm.Host.csproj", "{49A76743-75F3-4D2B-84A1-D067DA46546B}"
EndProject
Project("{FAE04EC0-301F-11D3-BF4B-00C04F79EFBC}") = "Hrm.Domain.Tests", "unittest\Hrm.Domain.Tests\Hrm.Domain.Tests.csproj", "{FDCA7E5B-2058-4EB3-A0B7-B323A3ACE516}"
EndProject
Project("{FAE04EC0-301F-11D3-BF4B-00C04F79EFBC}") = "Hrm.Application.Tests", "unittest\Hrm.Application.Tests\Hrm.Application.Tests.csproj", "{7E951715-AC8E-4C33-A333-756C8BFA7EAA}"
EndProject
Global
	GlobalSection(SolutionConfigurationPlatforms) = preSolution
		Debug|Any CPU = Debug|Any CPU
		Debug|x64 = Debug|x64
		Debug|x86 = Debug|x86
		Release|Any CPU = Release|Any CPU
		Release|x64 = Release|x64
		Release|x86 = Release|x86
	EndGlobalSection
	GlobalSection(ProjectConfigurationPlatforms) = postSolution
		{8B7C05E5-311D-4454-9B24-12E58B1D0DE2}.Debug|Any CPU.ActiveCfg = Debug|Any CPU
		{8B7C05E5-311D-4454-9B24-12E58B1D0DE2}.Debug|Any CPU.Build.0 = Debug|Any CPU
		{8B7C05E5-311D-4454-9B24-12E58B1D0DE2}.Debug|x64.ActiveCfg = Debug|Any CPU
		{8B7C05E5-311D-4454-9B24-12E58B1D0DE2}.Debug|x64.Build.0 = Debug|Any CPU
		{8B7C05E5-311D-4454-9B24-12E58B1D0DE2}.Debug|x86.ActiveCfg = Debug|Any CPU
		{8B7C05E5-311D-4454-9B24-12E58B1D0DE2}.Debug|x86.Build.0 = Debug|Any CPU
		{8B7C05E5-311D-4454-9B24-12E58B1D0DE2}.Release|Any CPU.ActiveCfg = Release|Any CPU
		{8B7C05E5-311D-4454-9B24-12E58B1D0DE2}.Release|Any CPU.Build.0 = Release|Any CPU
		{8B7C05E5-311D-4454-9B24-12E58B1D0DE2}.Release|x64.ActiveCfg = Release|Any CPU
		{8B7C05E5-311D-4454-9B24-12E58B1D0DE2}.Release|x64.Build.0 = Release|Any CPU
		{8B7C05E5-311D-4454-9B24-12E58B1D0DE2}.Release|x86.ActiveCfg = Release|Any CPU
		{8B7C05E5-311D-4454-9B24-12E58B1D0DE2}.Release|x86.Build.0 = Release|Any CPU
		{2159B7DE-0B97-4E0C-A3C9-E32791C82387}.Debug|Any CPU.ActiveCfg = Debug|Any CPU
		{2159B7DE-0B97-4E0C-A3C9-E32791C82387}.Debug|Any CPU.Build.0 = Debug|Any CPU
		{2159B7DE-0B97-4E0C-A3C9-E32791C82387}.Debug|x64.ActiveCfg = Debug|Any CPU
		{2159B7DE-0B97-4E0C-A3C9-E32791C82387}.Debug|x64.Build.0 = Debug|Any CPU
		{2159B7DE-0B97-4E0C-A3C9-E32791C82387}.Debug|x86.ActiveCfg = Debug|Any CPU
		{2159B7DE-0B97-4E0C-A3C9-E32791C82387}.Debug|x86.Build.0 = Debug|Any CPU
		{2159B7DE-0B97-4E0C-A3C9-E32791C82387}.Release|Any CPU.ActiveCfg = Release|Any CPU
		{2159B7DE-0B97-4E0C-A3C9-E32791C82387}.Release|Any CPU.Build.0 = Release|Any CPU
		{2159B7DE-0B97-4E0C-A3C9-E32791C82387}.Release|x64.ActiveCfg = Release|Any CPU
		{2159B7DE-0B97-4E0C-A3C9-E32791C82387}.Release|x64.Build.0 = Release|Any CPU
		{2159B7DE-0B97-4E0C-A3C9-E32791C82387}.Release|x86.ActiveCfg = Release|Any CPU
		{2159B7DE-0B97-4E0C-A3C9-E32791C82387}.Release|x86.Build.0 = Release|Any CPU
		{A6F04B58-D684-42E3-A8CF-1B9F12107F5F}.Debug|Any CPU.ActiveCfg = Debug|Any CPU
		{A6F04B58-D684-42E3-A8CF-1B9F12107F5F}.Debug|Any CPU.Build.0 = Debug|Any CPU
		{A6F04B58-D684-42E3-A8CF-1B9F12107F5F}.Debug|x64.ActiveCfg = Debug|Any CPU
		{A6F04B58-D684-42E3-A8CF-1B9F12107F5F}.Debug|x64.Build.0 = Debug|Any CPU
		{A6F04B58-D684-42E3-A8CF-1B9F12107F5F}.Debug|x86.ActiveCfg = Debug|Any CPU
		{A6F04B58-D684-42E3-A8CF-1B9F12107F5F}.Debug|x86.Build.0 = Debug|Any CPU
		{A6F04B58-D684-42E3-A8CF-1B9F12107F5F}.Release|Any CPU.ActiveCfg = Release|Any CPU
		{A6F04B58-D684-42E3-A8CF-1B9F12107F5F}.Release|Any CPU.Build.0 = Release|Any CPU
		{A6F04B58-D684-42E3-A8CF-1B9F12107F5F}.Release|x64.ActiveCfg = Release|Any CPU
		{A6F04B58-D684-42E3-A8CF-1B9F12107F5F}.Release|x64.Build.0 = Release|Any CPU
		{A6F04B58-D684-42E3-A8CF-1B9F12107F5F}.Release|x86.ActiveCfg = Release|Any CPU
		{A6F04B58-D684-42E3-A8CF-1B9F12107F5F}.Release|x86.Build.0 = Release|Any CPU
		{76A5C3C4-0591-4559-BA7E-E4D761F1B48E}.Debug|Any CPU.ActiveCfg = Debug|Any CPU
		{76A5C3C4-0591-4559-BA7E-E4D761F1B48E}.Debug|Any CPU.Build.0 = Debug|Any CPU
		{76A5C3C4-0591-4559-BA7E-E4D761F1B48E}.Debug|x64.ActiveCfg = Debug|Any CPU
		{76A5C3C4-0591-4559-BA7E-E4D761F1B48E}.Debug|x64.Build.0 = Debug|Any CPU
		{76A5C3C4-0591-4559-BA7E-E4D761F1B48E}.Debug|x86.ActiveCfg = Debug|Any CPU
		{76A5C3C4-0591-4559-BA7E-E4D761F1B48E}.Debug|x86.Build.0 = Debug|Any CPU
		{76A5C3C4-0591-4559-BA7E-E4D761F1B48E}.Release|Any CPU.ActiveCfg = Release|Any CPU
		{76A5C3C4-0591-4559-BA7E-E4D761F1B48E}.Release|Any CPU.Build.0 = Release|Any CPU
		{76A5C3C4-0591-4559-BA7E-E4D761F1B48E}.Release|x64.ActiveCfg = Release|Any CPU
		{76A5C3C4-0591-4559-BA7E-E4D761F1B48E}.Release|x64.Build.0 = Release|Any CPU
		{76A5C3C4-0591-4559-BA7E-E4D761F1B48E}.Release|x86.ActiveCfg = Release|Any CPU
		{76A5C3C4-0591-4559-BA7E-E4D761F1B48E}.Release|x86.Build.0 = Release|Any CPU
		{49A76743-75F3-4D2B-84A1-D067DA46546B}.Debug|Any CPU.ActiveCfg = Debug|Any CPU
		{49A76743-75F3-4D2B-84A1-D067DA46546B}.Debug|Any CPU.Build.0 = Debug|Any CPU
		{49A76743-75F3-4D2B-84A1-D067DA46546B}.Debug|x64.ActiveCfg = Debug|Any CPU
		{49A76743-75F3-4D2B-84A1-D067DA46546B}.Debug|x64.Build.0 = Debug|Any CPU
		{49A76743-75F3-4D2B-84A1-D067DA46546B}.Debug|x86.ActiveCfg = Debug|Any CPU
		{49A76743-75F3-4D2B-84A1-D067DA46546B}.Debug|x86.Build.0 = Debug|Any CPU
		{49A76743-75F3-4D2B-84A1-D067DA46546B}.Release|Any CPU.ActiveCfg = Release|Any CPU
		{49A76743-75F3-4D2B-84A1-D067DA46546B}.Release|Any CPU.Build.0 = Release|Any CPU
		{49A76743-75F3-4D2B-84A1-D067DA46546B}.Release|x64.ActiveCfg = Release|Any CPU
		{49A76743-75F3-4D2B-84A1-D067DA46546B}.Release|x64.Build.0 = Release|Any CPU
		{49A76743-75F3-4D2B-84A1-D067DA46546B}.Release|x86.ActiveCfg = Release|Any CPU
		{49A76743-75F3-4D2B-84A1-D067DA46546B}.Release|x86.Build.0 = Release|Any CPU
		{FDCA7E5B-2058-4EB3-A0B7-B323A3ACE516}.Debug|Any CPU.ActiveCfg = Debug|Any CPU
		{FDCA7E5B-2058-4EB3-A0B7-B323A3ACE516}.Debug|Any CPU.Build.0 = Debug|Any CPU
		{FDCA7E5B-2058-4EB3-A0B7-B323A3ACE516}.Debug|x64.ActiveCfg = Debug|Any CPU
		{FDCA7E5B-2058-4EB3-A0B7-B323A3ACE516}.Debug|x64.Build.0 = Debug|Any CPU
		{FDCA7E5B-2058-4EB3-A0B7-B323A3ACE516}.Debug|x86.ActiveCfg = Debug|Any CPU
		{FDCA7E5B-2058-4EB3-A0B7-B323A3ACE516}.Debug|x86.Build.0 = Debug|Any CPU
		{FDCA7E5B-2058-4EB3-A0B7-B323A3ACE516}.Release|Any CPU.ActiveCfg = Release|Any CPU
		{FDCA7E5B-2058-4EB3-A0B7-B323A3ACE516}.Release|Any CPU.Build.0 = Release|Any CPU
		{FDCA7E5B-2058-4EB3-A0B7-B323A3ACE516}.Release|x64.ActiveCfg = Release|Any CPU
		{FDCA7E5B-2058-4EB3-A0B7-B323A3ACE516}.Release|x64.Build.0 = Release|Any CPU
		{FDCA7E5B-2058-4EB3-A0B7-B323A3ACE516}.Release|x86.ActiveCfg = Release|Any CPU
		{FDCA7E5B-2058-4EB3-A0B7-B323A3ACE516}.Release|x86.Build.0 = Release|Any CPU
		{7E951715-AC8E-4C33-A333-756C8BFA7EAA}.Debug|Any CPU.ActiveCfg = Debug|Any CPU
		{7E951715-AC8E-4C33-A333-756C8BFA7EAA}.Debug|Any CPU.Build.0 = Debug|Any CPU
		{7E951715-AC8E-4C33-A333-756C8BFA7EAA}.Debug|x64.ActiveCfg = Debug|Any CPU
		{7E951715-AC8E-4C33-A333-756C8BFA7EAA}.Debug|x64.Build.0 = Debug|Any CPU
		{7E951715-AC8E-4C33-A333-756C8BFA7EAA}.Debug|x86.ActiveCfg = Debug|Any CPU
		{7E951715-AC8E-4C33-A333-756C8BFA7EAA}.Debug|x86.Build.0 = Debug|Any CPU
		{7E951715-AC8E-4C33-A333-756C8BFA7EAA}.Release|Any CPU.ActiveCfg = Release|Any CPU
		{7E951715-AC8E-4C33-A333-756C8BFA7EAA}.Release|Any CPU.Build.0 = Release|Any CPU
		{7E951715-AC8E-4C33-A333-756C8BFA7EAA}.Release|x64.ActiveCfg = Release|Any CPU
		{7E951715-AC8E-4C33-A333-756C8BFA7EAA}.Release|x64.Build.0 = Release|Any CPU
		{7E951715-AC8E-4C33-A333-756C8BFA7EAA}.Release|x86.ActiveCfg = Release|Any CPU
		{7E951715-AC8E-4C33-A333-756C8BFA7EAA}.Release|x86.Build.0 = Release|Any CPU
	EndGlobalSection
	GlobalSection(SolutionProperties) = preSolution
		HideSolutionNode = FALSE
	EndGlobalSection
	GlobalSection(NestedProjects) = preSolution
		{8B7C05E5-311D-4454-9B24-12E58B1D0DE2} = {1AE8ACA6-933B-BF2A-3671-3E2EAC007D16}
		{2159B7DE-0B97-4E0C-A3C9-E32791C82387} = {1AE8ACA6-933B-BF2A-3671-3E2EAC007D16}
		{A6F04B58-D684-42E3-A8CF-1B9F12107F5F} = {1AE8ACA6-933B-BF2A-3671-3E2EAC007D16}
		{76A5C3C4-0591-4559-BA7E-E4D761F1B48E} = {1AE8ACA6-933B-BF2A-3671-3E2EAC007D16}
		{49A76743-75F3-4D2B-84A1-D067DA46546B} = {1AE8ACA6-933B-BF2A-3671-3E2EAC007D16}
		{FDCA7E5B-2058-4EB3-A0B7-B323A3ACE516} = {1AE8ACA6-933B-BF2A-3671-3E2EAC007D16}
		{7E951715-AC8E-4C33-A333-756C8BFA7EAA} = {1AE8ACA6-933B-BF2A-3671-3E2EAC007D16}
	EndGlobalSection
EndGlobal
